// !$*UTF8*$!
{
	archiveVersion = 1;
	classes = {
	};
	objectVersion = 46;
	objects = {

/* Begin PBXBuildFile section */
		6952BAD91DF90BD000DAD397 /* AppDelegate.swift in Sources */ = {isa = PBXBuildFile; fileRef = 6952BAD81DF90BD000DAD397 /* AppDelegate.swift */; };
		6952BADB1DF90BD000DAD397 /* ViewController.swift in Sources */ = {isa = PBXBuildFile; fileRef = 6952BADA1DF90BD000DAD397 /* ViewController.swift */; };
		6952BADD1DF90BD000DAD397 /* Assets.xcassets in Resources */ = {isa = PBXBuildFile; fileRef = 6952BADC1DF90BD000DAD397 /* Assets.xcassets */; };
		6952BAE01DF90BD000DAD397 /* Main.storyboard in Resources */ = {isa = PBXBuildFile; fileRef = 6952BADE1DF90BD000DAD397 /* Main.storyboard */; };
/* End PBXBuildFile section */

/* Begin PBXFileReference section */
		6952BAD51DF90BD000DAD397 /* testReadScan.app */ = {isa = PBXFileReference; explicitFileType = wrapper.application; includeInIndex = 0; path = testReadScan.app; sourceTree = BUILT_PRODUCTS_DIR; };
		6952BAD81DF90BD000DAD397 /* AppDelegate.swift */ = {isa = PBXFileReference; lastKnownFileType = sourcecode.swift; path = AppDelegate.swift; sourceTree = "<group>"; };
		6952BADA1DF90BD000DAD397 /* ViewController.swift */ = {isa = PBXFileReference; lastKnownFileType = sourcecode.swift; path = ViewController.swift; sourceTree = "<group>"; };
		6952BADC1DF90BD000DAD397 /* Assets.xcassets */ = {isa = PBXFileReference; lastKnownFileType = folder.assetcatalog; path = Assets.xcassets; sourceTree = "<group>"; };
		6952BADF1DF90BD000DAD397 /* Base */ = {isa = PBXFileReference; lastKnownFileType = file.storyboard; name = Base; path = Base.lproj/Main.storyboard; sourceTree = "<group>"; };
		6952BAE11DF90BD000DAD397 /* Info.plist */ = {isa = PBXFileReference; lastKnownFileType = text.plist.xml; path = Info.plist; sourceTree = "<group>"; };
		6952BAE71DF92BA800DAD397 /* BarcodeScanViewController.swift */ = {isa = PBXFileReference; lastKnownFileType = sourcecode.swift; name = BarcodeScanViewController.swift; path = ../../../github/surf30/Surf/BarcodeScanViewController.swift; sourceTree = "<group>"; };
/* End PBXFileReference section */

/* Begin PBXFrameworksBuildPhase section */
		6952BAD21DF90BD000DAD397 /* Frameworks */ = {
			isa = PBXFrameworksBuildPhase;
			buildActionMask = 2147483647;
			files = (
			);
			runOnlyForDeploymentPostprocessing = 0;
		};
/* End PBXFrameworksBuildPhase section */

/* Begin PBXGroup section */
		6952BACC1DF90BD000DAD397 = {
			isa = PBXGroup;
			children = (
				6952BAD71DF90BD000DAD397 /* testReadScan */,
				6952BAD61DF90BD000DAD397 /* Products */,
			);
			sourceTree = "<group>";
		};
		6952BAD61DF90BD000DAD397 /* Products */ = {
			isa = PBXGroup;
			children = (
				6952BAD51DF90BD000DAD397 /* testReadScan.app */,
			);
			name = Products;
			sourceTree = "<group>";
		};
		6952BAD71DF90BD000DAD397 /* testReadScan */ = {
			isa = PBXGroup;
			children = (
				6952BAE71DF92BA800DAD397 /* BarcodeScanViewController.swift */,
				6952BAD81DF90BD000DAD397 /* AppDelegate.swift */,
				6952BADA1DF90BD000DAD397 /* ViewController.swift */,
				6952BADC1DF90BD000DAD397 /* Assets.xcassets */,
				6952BADE1DF90BD000DAD397 /* Main.storyboard */,
				6952BAE11DF90BD000DAD397 /* Info.plist */,
			);
			path = testReadScan;
			sourceTree = "<group>";
		};
/* End PBXGroup section */

/* Begin PBXNativeTarget section */
		6952BAD41DF90BD000DAD397 /* testReadScan */ = {
			isa = PBXNativeTarget;
			buildConfigurationList = 6952BAE41DF90BD000DAD397 /* Build configuration list for PBXNativeTarget "testReadScan" */;
			buildPhases = (
				6952BAD11DF90BD000DAD397 /* Sources */,
				6952BAD21DF90BD000DAD397 /* Frameworks */,
				6952BAD31DF90BD000DAD397 /* Resources */,
			);
			buildRules = (
			);
			dependencies = (
			);
			name = testReadScan;
			productName = testReadScan;
			productReference = 6952BAD51DF90BD000DAD397 /* testReadScan.app */;
			productType = "com.apple.product-type.application";
		};
/* End PBXNativeTarget section */

/* Begin PBXProject section */
		6952BACD1DF90BD000DAD397 /* Project object */ = {
			isa = PBXProject;
			attributes = {
				LastSwiftUpdateCheck = 0820;
				LastUpgradeCheck = 0820;
				ORGANIZATIONNAME = "Kong XiangBo";
				TargetAttributes = {
					6952BAD41DF90BD000DAD397 = {
						CreatedOnToolsVersion = 8.2;
						DevelopmentTeam = A55X9KCRCK;
						ProvisioningStyle = Automatic;
					};
				};
			};
			buildConfigurationList = 6952BAD01DF90BD000DAD397 /* Build configuration list for PBXProject "testReadScan" */;
			compatibilityVersion = "Xcode 3.2";
			developmentRegion = English;
			hasScannedForEncodings = 0;
			knownRegions = (
				en,
				Base,
			);
			mainGroup = 6952BACC1DF90BD000DAD397;
			productRefGroup = 6952BAD61DF90BD000DAD397 /* Products */;
			projectDirPath = "";
			projectRoot = "";
			targets = (
				6952BAD41DF90BD000DAD397 /* testReadScan */,
			);
		};
/* End PBXProject section */

/* Begin PBXResourcesBuildPhase section */
		6952BAD31DF90BD000DAD397 /* Resources */ = {
			isa = PBXResourcesBuildPhase;
			buildActionMask = 2147483647;
			files = (
				6952BADD1DF90BD000DAD397 /* Assets.xcassets in Resources */,
				6952BAE01DF90BD000DAD397 /* Main.storyboard in Resources */,
			);
			runOnlyForDeploymentPostprocessing = 0;
		};
/* End PBXResourcesBuildPhase section */

/* Begin PBXSourcesBuildPhase section */
		6952BAD11DF90BD000DAD397 /* Sources */ = {
			isa = PBXSourcesBuildPhase;
			buildActionMask = 2147483647;
			files = (
				6952BADB1DF90BD000DAD397 /* ViewController.swift in Sources */,
				6952BAD91DF90BD000DAD397 /* AppDelegate.swift in Sources */,
			);
			runOnlyForDeploymentPostprocessing = 0;
		};
/* End PBXSourcesBuildPhase section */

/* Begin PBXVariantGroup section */
		6952BADE1DF90BD000DAD397 /* Main.storyboard */ = {
			isa = PBXVariantGroup;
			children = (
				6952BADF1DF90BD000DAD397 /* Base */,
			);
			name = Main.storyboard;
			sourceTree = "<group>";
		};
/* End PBXVariantGroup section */

/* Begin XCBuildConfiguration section */
		6952BAE21DF90BD000DAD397 /* Debug */ = {
			isa = XCBuildConfiguration;
			buildSettings = {
				ALWAYS_SEARCH_USER_PATHS = NO;
				CLANG_ANALYZER_NONNULL = YES;
				CLANG_CXX_LANGUAGE_STANDARD = "gnu++0x";
				CLANG_CXX_LIBRARY = "libc++";
				CLANG_ENABLE_MODULES = YES;
				CLANG_ENABLE_OBJC_ARC = YES;
				CLANG_WARN_BOOL_CONVERSION = YES;
				CLANG_WARN_CONSTANT_CONVERSION = YES;
				CLANG_WARN_DIRECT_OBJC_ISA_USAGE = YES_ERROR;
				CLANG_WARN_DOCUMENTATION_COMMENTS = YES;
				CLANG_WARN_EMPTY_BODY = YES;
				CLANG_WARN_ENUM_CONVERSION = YES;
				CLANG_WARN_INFINITE_RECURSION = YES;
				CLANG_WARN_INT_CONVERSION = YES;
				CLANG_WARN_OBJC_ROOT_CLASS = YES_ERROR;
				CLANG_WARN_SUSPICIOUS_MOVE = YES;
				CLANG_WARN_UNREACHABLE_CODE = YES;
				CLANG_WARN__DUPLICATE_METHOD_MATCH = YES;
				CODE_SIGN_IDENTITY = "-";
				COPY_PHASE_STRIP = NO;
				DEBUG_INFORMATION_FORMAT = dwarf;
				ENABLE_STRICT_OBJC_MSGSEND = YES;
				ENABLE_TESTABILITY = YES;
				GCC_C_LANGUAGE_STANDARD = gnu99;
				GCC_DYNAMIC_NO_PIC = NO;
				GCC_NO_COMMON_BLOCKS = YES;
				GCC_OPTIMIZATION_LEVEL = 0;
				GCC_PREPROCESSOR_DEFINITIONS = (
					"DEBUG=1",
					"$(inherited)",
				);
				GCC_WARN_64_TO_32_BIT_CONVERSION = YES;
				GCC_WARN_ABOUT_RETURN_TYPE = YES_ERROR;
				GCC_WARN_UNDECLARED_SELECTOR = YES;
				GCC_WARN_UNINITIALIZED_AUTOS = YES_AGGRESSIVE;
				GCC_WARN_UNUSED_FUNCTION = YES;
				GCC_WARN_UNUSED_VARIABLE = YES;
				MACOSX_DEPLOYMENT_TARGET = 10.12;
				MTL_ENABLE_DEBUG_INFO = YES;
				ONLY_ACTIVE_ARCH = YES;
				SDKROOT = macosx;
				SWIFT_ACTIVE_COMPILATION_CONDITIONS = DEBUG;
				SWIFT_OPTIMIZATION_LEVEL = "-Onone";
			};
			name = Debug;
		};
		6952BAE31DF90BD000DAD397 /* Release */ = {
			isa = XCBuildConfiguration;
			buildSettings = {
				ALWAYS_SEARCH_USER_PATHS = NO;
				CLANG_ANALYZER_NONNULL = YES;
				CLANG_CXX_LANGUAGE_STANDARD = "gnu++0x";
				CLANG_CXX_LIBRARY = "libc++";
				CLANG_ENABLE_MODULES = YES;
				CLANG_ENABLE_OBJC_ARC = YES;
				CLANG_WARN_BOOL_CONVERSION = YES;
				CLANG_WARN_CONSTANT_CONVERSION = YES;
				CLANG_WARN_DIRECT_OBJC_ISA_USAGE = YES_ERROR;
				CLANG_WARN_DOCUMENTATION_COMMENTS = YES;
				CLANG_WARN_EMPTY_BODY = YES;
				CLANG_WARN_ENUM_CONVERSION = YES;
				CLANG_WARN_INFINITE_RECURSION = YES;
				CLANG_WARN_INT_CONVERSION = YES;
				CLANG_WARN_OBJC_ROOT_CLASS = YES_ERROR;
				CLANG_WARN_SUSPICIOUS_MOVE = YES;
				CLANG_WARN_UNREACHABLE_CODE = YES;
				CLANG_WARN__DUPLICATE_METHOD_MATCH = YES;
				CODE_SIGN_IDENTITY = "-";
				COPY_PHASE_STRIP = NO;
				DEBUG_INFORMATION_FORMAT = "dwarf-with-dsym";
				ENABLE_NS_ASSERTIONS = NO;
				ENABLE_STRICT_OBJC_MSGSEND = YES;
				GCC_C_LANGUAGE_STANDARD = gnu99;
				GCC_NO_COMMON_BLOCKS = YES;
				GCC_WARN_64_TO_32_BIT_CONVERSION = YES;
				GCC_WARN_ABOUT_RETURN_TYPE = YES_ERROR;
				GCC_WARN_UNDECLARED_SELECTOR = YES;
				GCC_WARN_UNINITIALIZED_AUTOS = YES_AGGRESSIVE;
				GCC_WARN_UNUSED_FUNCTION = YES;
				GCC_WARN_UNUSED_VARIABLE = YES;
				MACOSX_DEPLOYMENT_TARGET = 10.12;
				MTL_ENABLE_DEBUG_INFO = NO;
				SDKROOT = macosx;
				SWIFT_OPTIMIZATION_LEVEL = "-Owholemodule";
			};
			name = Release;
		};
		6952BAE51DF90BD000DAD397 /* Debug */ = {
			isa = XCBuildConfiguration;
			buildSettings = {
				ASSETCATALOG_COMPILER_APPICON_NAME = AppIcon;
				COMBINE_HIDPI_IMAGES = YES;
				DEVELOPMENT_TEAM = A55X9KCRCK;
				INFOPLIST_FILE = testReadScan/Info.plist;
				LD_RUNPATH_SEARCH_PATHS = "$(inherited) @executable_path/../Frameworks";
				PRODUCT_BUNDLE_IDENTIFIER = com.yarshure.telnetTest.testReadScan;
				PRODUCT_NAME = "$(TARGET_NAME)";
				SWIFT_VERSION = 3.0;
			};
			name = Debug;
		};
		6952BAE61DF90BD000DAD397 /* Release */ = {
			isa = XCBuildConfiguration;
			buildSettings = {
				ASSETCATALOG_COMPILER_APPICON_NAME = AppIcon;
				COMBINE_HIDPI_IMAGES = YES;
				DEVELOPMENT_TEAM = A55X9KCRCK;
				INFOPLIST_FILE = testReadScan/Info.plist;
				LD_RUNPATH_SEARCH_PATHS = "$(inherited) @executable_path/../Frameworks";
				PRODUCT_BUNDLE_IDENTIFIER = com.yarshure.telnetTest.testReadScan;
				PRODUCT_NAME = "$(TARGET_NAME)";
				SWIFT_VERSION = 3.0;
			};
			name = Release;
		};
/* End XCBuildConfiguration section */

/* Begin XCConfigurationList section */
		6952BAD01DF90BD000DAD397 /* Build configuration list for PBXProject "testReadScan" */ = {
			isa = XCConfigurationList;
			buildConfigurations = (
				6952BAE21DF90BD000DAD397 /* Debug */,
				6952BAE31DF90BD000DAD397 /* Release */,
			);
			defaultConfigurationIsVisible = 0;
			defaultConfigurationName = Release;
		};
		6952BAE41DF90BD000DAD397 /* Build configuration list for PBXNativeTarget "testReadScan" */ = {
			isa = XCConfigurationList;
			buildConfigurations = (
				6952BAE51DF90BD000DAD397 /* Debug */,
				6952BAE61DF90BD000DAD397 /* Release */,
			);
			defaultConfigurationIsVisible = 0;
		};
/* End XCConfigurationList section */
	};
	rootObject = 6952BACD1DF90BD000DAD397 /* Project object */;
}
